
Microsoft Visual Studio Solution File, Format Version 12.00
# Visual Studio Version 17
VisualStudioVersion = 17.11.35222.181
MinimumVisualStudioVersion = 10.0.40219.1
Project("{FAE04EC0-301F-11D3-BF4B-00C04F79EFBC}") = "Acceleration", "Acceleration.csproj", "{47DB3609-48AB-48E0-B34B-BE59174FFE4C}"
EndProject
Global
	GlobalSection(SolutionConfigurationPlatforms) = preSolution
		Debug|Any CPU = Debug|Any CPU
		Release|Any CPU = Release|Any CPU
	EndGlobalSection
	GlobalSection(ProjectConfigurationPlatforms) = postSolution
		{47DB3609-48AB-48E0-B34B-BE59174FFE4C}.Debug|Any CPU.ActiveCfg = Debug|Any CPU
		{47DB3609-48AB-48E0-B34B-BE59174FFE4C}.Debug|Any CPU.Build.0 = Debug|Any CPU
		{47DB3609-48AB-48E0-B34B-BE59174FFE4C}.Release|Any CPU.ActiveCfg = Release|Any CPU
		{47DB3609-48AB-48E0-B34B-BE59174FFE4C}.Release|Any CPU.Build.0 = Release|Any CPU
	EndGlobalSection
	GlobalSection(SolutionProperties) = preSolution
		HideSolutionNode = FALSE
	EndGlobalSection
	GlobalSection(ExtensibilityGlobals) = postSolution
		SolutionGuid = {BF761212-1891-4E41-991B-A106CF9E64C1}
	EndGlobalSection
EndGlobal
